
Microsoft Visual Studio Solution File, Format Version 12.00
# Visual Studio Version 17
VisualStudioVersion = 17.0.32014.148
MinimumVisualStudioVersion = 10.0.40219.1
Project("{8BC9CEB8-8B4A-11D0-8D11-00A0C91BC942}") = "Introspection", "Introspection.vcxproj", "{54ED25A3-E36C-42CC-B5CD-A2F3F6CB5FB4}"
EndProject
Global
	GlobalSection(SolutionConfigurationPlatforms) = preSolution
		Debug|x64 = Debug|x64
		Debug|x86 = Debug|x86
		Release|x64 = Release|x64
		Release|x86 = Release|x86
	EndGlobalSection
	GlobalSection(ProjectConfigurationPlatforms) = postSolution
		{54ED25A3-E36C-42CC-B5CD-A2F3F6CB5FB4}.Debug|x64.ActiveCfg = Debug|x64
		{54ED25A3-E36C-42CC-B5CD-A2F3F6CB5FB4}.Debug|x64.Build.0 = Debug|x64
		{54ED25A3-E36C-42CC-B5CD-A2F3F6CB5FB4}.Debug|x86.ActiveCfg = Debug|Win32
		{54ED25A3-E36C-42CC-B5CD-A2F3F6CB5FB4}.Debug|x86.Build.0 = Debug|Win32
		{54ED25A3-E36C-42CC-B5CD-A2F3F6CB5FB4}.Release|x64.ActiveCfg = Release|x64
		{54ED25A3-E36C-42CC-B5CD-A2F3F6CB5FB4}.Release|x64.Build.0 = Release|x64
		{54ED25A3-E36C-42CC-B5CD-A2F3F6CB5FB4}.Release|x86.ActiveCfg = Release|Win32
		{54ED25A3-E36C-42CC-B5CD-A2F3F6CB5FB4}.Release|x86.Build.0 = Release|Win32
	EndGlobalSection
	GlobalSection(SolutionProperties) = preSolution
		HideSolutionNode = FALSE
	EndGlobalSection
	GlobalSection(ExtensibilityGlobals) = postSolution
		SolutionGuid = {FB4A48A4-007E-44E2-AFAE-C714B4AA3232}
	EndGlobalSection
EndGlobal
