<?xml version="1.0" encoding="utf-8"?>
<Project ToolsVersion="4.0" xmlns="http://schemas.microsoft.com/developer/msbuild/2003">
  <ItemGroup>
    <Filter Include="Archivos de origen">
      <UniqueIdentifier>{4FC737F1-C7A5-4376-A066-2A32D752A2FF}</UniqueIdentifier>
      <Extensions>cpp;c;cc;cxx;c++;cppm;ixx;def;odl;idl;hpj;bat;asm;asmx</Extensions>
    </Filter>
    <Filter Include="Archivos de encabezado">
      <UniqueIdentifier>{93995380-89BD-4b04-88EB-625FBE52EBFB}</UniqueIdentifier>
      <Extensions>h;hh;hpp;hxx;h++;hm;inl;inc;ipp;xsd</Extensions>
    </Filter>
    <Filter Include="Archivos de recursos">
      <UniqueIdentifier>{67DA6AB6-F800-4c08-8B7A-83BB121AAD01}</UniqueIdentifier>
      <Extensions>rc;ico;cur;bmp;dlg;rc2;rct;bin;rgs;gif;jpg;jpeg;jpe;resx;tiff;tif;png;wav;mfcribbon-ms</Extensions>
    </Filter>
    <Filter Include="Archivos de origen\Components">
      <UniqueIdentifier>{40b2645f-86ed-48ec-a9e9-e1c6ec54798d}</UniqueIdentifier>
    </Filter>
    <Filter Include="Archivos de encabezado\Components">
      <UniqueIdentifier>{992a41d1-7c91-4e83-ac9c-0b5c825fe9d6}</UniqueIdentifier>
    </Filter>
    <Filter Include="Archivos de encabezado\Scripting">
      <UniqueIdentifier>{ed79e30d-508f-4c53-a2bb-712c34dd6362}</UniqueIdentifier>
    </Filter>
    <Filter Include="Archivos de origen\Scripting">
      <UniqueIdentifier>{c02ceda0-fd69-479f-853d-10a49f6e93ae}</UniqueIdentifier>
    </Filter>
    <Filter Include="Archivos de encabezado\ECSUtilities">
      <UniqueIdentifier>{d236d74c-19d8-40eb-ac41-45170417af20}</UniqueIdentifier>
    </Filter>
    <Filter Include="Archivos de origen\ECSUtilities">
      <UniqueIdentifier>{ce4ec7c9-20a7-4d36-868b-dfc6e5734b9c}</UniqueIdentifier>
    </Filter>
  </ItemGroup>
  <ItemGroup>
    <ClInclude Include="..\..\src\ecs\Entity.h">
      <Filter>Archivos de encabezado</Filter>
    </ClInclude>
    <ClInclude Include="..\..\src\ecs\Component.h">
      <Filter>Archivos de encabezado</Filter>
    </ClInclude>
    <ClInclude Include="..\..\src\ecs\Scene.h">
      <Filter>Archivos de encabezado</Filter>
    </ClInclude>
    <ClInclude Include="..\..\src\ecs\SceneManager.h">
      <Filter>Archivos de encabezado</Filter>
    </ClInclude>
    <ClInclude Include="..\..\src\ecs\Scripting\Variable.h">
      <Filter>Archivos de encabezado\Scripting</Filter>
    </ClInclude>
    <ClInclude Include="..\..\src\ecs\Components\Camera.h">
      <Filter>Archivos de encabezado\Components</Filter>
    </ClInclude>
    <ClInclude Include="..\..\src\ecs\Components\PhysicBody.h">
      <Filter>Archivos de encabezado\Components</Filter>
    </ClInclude>
    <ClInclude Include="..\..\src\ecs\Components\Image.h">
      <Filter>Archivos de encabezado\Components</Filter>
    </ClInclude>
    <ClInclude Include="..\..\src\ecs\Components\Transform.h">
      <Filter>Archivos de encabezado\Components</Filter>
    </ClInclude>
    <ClInclude Include="..\..\src\ecs\Components\TestComponent.h">
      <Filter>Archivos de encabezado\Components</Filter>
    </ClInclude>
    <ClInclude Include="..\..\src\ecs\ContactListener.h">
      <Filter>Archivos de encabezado</Filter>
    </ClInclude>
    <ClInclude Include="..\..\src\ecs\Components\BoxBody.h">
      <Filter>Archivos de encabezado\Components</Filter>
    </ClInclude>
    <ClInclude Include="..\..\src\ecs\Components\ChainBody.h">
      <Filter>Archivos de encabezado\Components</Filter>
    </ClInclude>
    <ClInclude Include="..\..\src\ecs\Components\CircleBody.h">
      <Filter>Archivos de encabezado\Components</Filter>
    </ClInclude>
    <ClInclude Include="..\..\src\ecs\Components\EdgeBody.h">
      <Filter>Archivos de encabezado\Components</Filter>
    </ClInclude>
    <ClInclude Include="..\..\src\ecs\ECSUtilities\FunctionManager.h">
      <Filter>Archivos de encabezado\ECSUtilities</Filter>
    </ClInclude>
    <ClInclude Include="..\..\src\ecs\ECSUtilities\ClassReflection.h">
      <Filter>Archivos de encabezado\ECSUtilities</Filter>
    </ClInclude>
    <ClInclude Include="..\..\src\ecs\Scripting\Script.h">
      <Filter>Archivos de encabezado\Scripting</Filter>
    </ClInclude>
    <ClInclude Include="..\..\src\ecs\Scripting\Node.h">
      <Filter>Archivos de encabezado\Scripting</Filter>
    </ClInclude>
    <ClInclude Include="..\..\src\ecs\Scripting\Fork.h">
      <Filter>Archivos de encabezado\Scripting</Filter>
    </ClInclude>
    <ClInclude Include="..\..\src\ecs\Scripting\Function.h">
      <Filter>Archivos de encabezado\Scripting</Filter>
    </ClInclude>
    <ClInclude Include="..\..\src\ecs\Scripting\ConstNode.h">
      <Filter>Archivos de encabezado\Scripting</Filter>
    </ClInclude>
    <ClInclude Include="..\..\src\ecs\Scripting\ScriptManager.h">
      <Filter>Archivos de encabezado\Scripting</Filter>
    </ClInclude>
    <ClInclude Include="..\..\src\ecs\Scripting\OutputNode.h">
      <Filter>Archivos de encabezado\Scripting</Filter>
    </ClInclude>
    <ClInclude Include="..\..\src\ecs\Scripting\ScriptFunctionality.h">
      <Filter>Archivos de encabezado\Scripting</Filter>
    </ClInclude>
    <ClInclude Include="..\..\src\ecs\ECSUtilities\ComponentFactory.h">
      <Filter>Archivos de encabezado\ECSUtilities</Filter>
    </ClInclude>
    <ClInclude Include="..\..\src\ecs\Components\OverlayButton.h">
      <Filter>Archivos de encabezado\Components</Filter>
    </ClInclude>
    <ClInclude Include="..\..\src\ecs\Components\OverlayElement.h">
      <Filter>Archivos de encabezado\Components</Filter>
    </ClInclude>
    <ClInclude Include="..\..\src\ecs\Components\OverlayImage.h">
      <Filter>Archivos de encabezado\Components</Filter>
    </ClInclude>
    <ClInclude Include="..\..\src\ecs\Components\OverlayText.h">
      <Filter>Archivos de encabezado\Components</Filter>
    </ClInclude>
    <ClInclude Include="..\..\src\ecs\OverlayManager.h">
      <Filter>Archivos de encabezado</Filter>
    </ClInclude>
    <ClInclude Include="..\..\src\ecs\RenderManager.h">
      <Filter>Archivos de encabezado</Filter>
    </ClInclude>
    <ClInclude Include="..\..\src\ecs\SceneLoader.h">
      <Filter>Archivos de encabezado</Filter>
    </ClInclude>
  </ItemGroup>
  <ItemGroup>
    <ClCompile Include="..\..\src\ecs\Entity.cpp">
      <Filter>Archivos de origen</Filter>
    </ClCompile>
    <ClCompile Include="..\..\src\ecs\Component.cpp">
      <Filter>Archivos de origen</Filter>
    </ClCompile>
    <ClCompile Include="..\..\src\ecs\Scene.cpp">
      <Filter>Archivos de origen</Filter>
    </ClCompile>
    <ClCompile Include="..\..\src\ecs\SceneManager.cpp">
      <Filter>Archivos de origen</Filter>
    </ClCompile>
    <ClCompile Include="..\..\src\ecs\Scripting\Variable.cpp">
      <Filter>Archivos de origen\Scripting</Filter>
    </ClCompile>
    <ClCompile Include="..\..\src\ecs\Components\Camera.cpp">
      <Filter>Archivos de origen\Components</Filter>
    </ClCompile>
    <ClCompile Include="..\..\src\ecs\Components\PhysicBody.cpp">
      <Filter>Archivos de origen\Components</Filter>
    </ClCompile>
    <ClCompile Include="..\..\src\ecs\Components\Image.cpp">
      <Filter>Archivos de origen\Components</Filter>
    </ClCompile>
    <ClCompile Include="..\..\src\ecs\Components\Transform.cpp">
      <Filter>Archivos de origen\Components</Filter>
    </ClCompile>
    <ClCompile Include="..\..\src\ecs\Components\TestComponent.cpp">
      <Filter>Archivos de origen\Components</Filter>
    </ClCompile>
    <ClCompile Include="..\..\src\ecs\ContactListener.cpp">
      <Filter>Archivos de origen</Filter>
    </ClCompile>
    <ClCompile Include="..\..\src\ecs\Components\BoxBody.cpp">
      <Filter>Archivos de origen\Components</Filter>
    </ClCompile>
    <ClCompile Include="..\..\src\ecs\Components\EdgeBody.cpp">
      <Filter>Archivos de origen\Components</Filter>
    </ClCompile>
    <ClCompile Include="..\..\src\ecs\Components\CircleBody.cpp">
      <Filter>Archivos de origen\Components</Filter>
    </ClCompile>
    <ClCompile Include="..\..\src\ecs\Components\ChainBody.cpp">
      <Filter>Archivos de origen\Components</Filter>
    </ClCompile>
    <ClCompile Include="..\..\src\ecs\ECSUtilities\FunctionManager.cpp">
      <Filter>Archivos de origen\ECSUtilities</Filter>
    </ClCompile>
    <ClCompile Include="..\..\src\ecs\ECSUtilities\ClassReflection.cpp">
      <Filter>Archivos de origen\ECSUtilities</Filter>
    </ClCompile>
    <ClCompile Include="..\..\src\ecs\Scripting\Script.cpp">
      <Filter>Archivos de origen\Scripting</Filter>
    </ClCompile>
    <ClCompile Include="..\..\src\ecs\Scripting\Node.cpp">
      <Filter>Archivos de origen\Scripting</Filter>
    </ClCompile>
    <ClCompile Include="..\..\src\ecs\Scripting\Function.cpp">
      <Filter>Archivos de origen\Scripting</Filter>
    </ClCompile>
    <ClCompile Include="..\..\src\ecs\Scripting\Fork.cpp">
      <Filter>Archivos de origen\Scripting</Filter>
    </ClCompile>
    <ClCompile Include="..\..\src\ecs\Scripting\ConstNode.cpp">
      <Filter>Archivos de origen\Scripting</Filter>
    </ClCompile>
    <ClCompile Include="..\..\src\ecs\Scripting\ScriptManager.cpp">
      <Filter>Archivos de origen\Scripting</Filter>
    </ClCompile>
    <ClCompile Include="..\..\src\ecs\Scripting\OutputNode.cpp">
      <Filter>Archivos de origen\Scripting</Filter>
    </ClCompile>
    <ClCompile Include="..\..\src\ecs\Scripting\ScriptFunctionality.cpp">
      <Filter>Archivos de origen\Scripting</Filter>
    </ClCompile>
    <ClCompile Include="..\..\src\ecs\ECSUtilities\ComponentFactory.cpp">
      <Filter>Archivos de origen\ECSUtilities</Filter>
    </ClCompile>
    <ClCompile Include="..\..\src\ecs\Components\OverlayButton.cpp">
      <Filter>Archivos de origen\Components</Filter>
    </ClCompile>
    <ClCompile Include="..\..\src\ecs\Components\OverlayElement.cpp">
      <Filter>Archivos de origen\Components</Filter>
    </ClCompile>
    <ClCompile Include="..\..\src\ecs\Components\OverlayImage.cpp">
      <Filter>Archivos de origen\Components</Filter>
    </ClCompile>
    <ClCompile Include="..\..\src\ecs\Components\OverlayText.cpp">
      <Filter>Archivos de origen\Components</Filter>
    </ClCompile>
    <ClCompile Include="..\..\src\ecs\OverlayManager.cpp">
      <Filter>Archivos de origen</Filter>
    </ClCompile>
    <ClCompile Include="..\..\src\ecs\RenderManager.cpp">
      <Filter>Archivos de origen</Filter>
    </ClCompile>
    <ClCompile Include="..\..\src\ecs\SceneLoader.cpp">
      <Filter>Archivos de origen</Filter>
    </ClCompile>
  </ItemGroup>
</Project>