<?xml version="1.0" encoding="utf-8"?>
<Project ToolsVersion="4.0" xmlns="http://schemas.microsoft.com/developer/msbuild/2003">
  <ItemGroup>
    <Filter Include="Archivos de encabezado">
      <UniqueIdentifier>{93995380-89BD-4b04-88EB-625FBE52EBFB}</UniqueIdentifier>
      <Extensions>h;hh;hpp;hxx;h++;hm;inl;inc;ipp;xsd</Extensions>
    </Filter>
    <Filter Include="Archivos de recursos">
      <UniqueIdentifier>{67DA6AB6-F800-4c08-8B7A-83BB121AAD01}</UniqueIdentifier>
      <Extensions>rc;ico;cur;bmp;dlg;rc2;rct;bin;rgs;gif;jpg;jpeg;jpe;resx;tiff;tif;png;wav;mfcribbon-ms</Extensions>
    </Filter>
    <Filter Include="ImGUI_files">
      <UniqueIdentifier>{427fb066-4b9b-4850-b55a-d3e92114ad13}</UniqueIdentifier>
    </Filter>
    <Filter Include="Archivos de recursos\Archivos de origen">
      <UniqueIdentifier>{4FC737F1-C7A5-4376-A066-2A32D752A2FF}</UniqueIdentifier>
      <Extensions>cpp;c;cc;cxx;c++;cppm;ixx;def;odl;idl;hpj;bat;asm;asmx</Extensions>
    </Filter>
  </ItemGroup>
  <ItemGroup>
    <ClInclude Include="..\..\dependencies\imgui\imconfig.h">
      <Filter>ImGUI_files</Filter>
    </ClInclude>
    <ClInclude Include="..\..\dependencies\imgui\imgui.h">
      <Filter>ImGUI_files</Filter>
    </ClInclude>
    <ClInclude Include="..\..\dependencies\imgui\imgui_internal.h">
      <Filter>ImGUI_files</Filter>
    </ClInclude>
    <ClInclude Include="..\..\dependencies\imgui\backends\imgui_impl_sdl.h">
      <Filter>ImGUI_files</Filter>
    </ClInclude>
    <ClInclude Include="..\..\dependencies\imgui\backends\imgui_impl_sdlrenderer.h">
      <Filter>ImGUI_files</Filter>
    </ClInclude>
    <ClInclude Include="..\..\src\ImGUI\Camera.h">
      <Filter>Archivos de encabezado</Filter>
    </ClInclude>
    <ClInclude Include="..\..\src\ImGUI\Image.h">
      <Filter>Archivos de encabezado</Filter>
    </ClInclude>
    <ClInclude Include="..\..\src\ImGUI\ImGUIManager.h">
      <Filter>Archivos de encabezado</Filter>
    </ClInclude>
    <ClInclude Include="..\..\src\ImGUI\Scene.h">
      <Filter>Archivos de encabezado</Filter>
    </ClInclude>
    <ClInclude Include="..\..\src\ImGUI\Window.h">
      <Filter>Archivos de encabezado</Filter>
    </ClInclude>
    <ClInclude Include="..\..\src\ImGUI\WindowComponent.h">
      <Filter>Archivos de encabezado</Filter>
    </ClInclude>
    <ClInclude Include="..\..\src\ImGUI\MenuBar.h">
      <Filter>Archivos de encabezado</Filter>
    </ClInclude>
  </ItemGroup>
  <ItemGroup>
    <ClCompile Include="..\..\dependencies\imgui\imgui.cpp">
      <Filter>ImGUI_files</Filter>
    </ClCompile>
    <ClCompile Include="..\..\dependencies\imgui\imgui_demo.cpp">
      <Filter>ImGUI_files</Filter>
    </ClCompile>
    <ClCompile Include="..\..\dependencies\imgui\imgui_draw.cpp">
      <Filter>ImGUI_files</Filter>
    </ClCompile>
    <ClCompile Include="..\..\dependencies\imgui\imgui_tables.cpp">
      <Filter>ImGUI_files</Filter>
    </ClCompile>
    <ClCompile Include="..\..\dependencies\imgui\imgui_widgets.cpp">
      <Filter>ImGUI_files</Filter>
    </ClCompile>
    <ClCompile Include="..\..\dependencies\imgui\backends\imgui_impl_sdl.cpp">
      <Filter>ImGUI_files</Filter>
    </ClCompile>
    <ClCompile Include="..\..\dependencies\imgui\backends\imgui_impl_sdlrenderer.cpp">
      <Filter>ImGUI_files</Filter>
    </ClCompile>
    <ClCompile Include="..\..\src\ImGUI\Camera.cpp">
      <Filter>Archivos de recursos\Archivos de origen</Filter>
    </ClCompile>
    <ClCompile Include="..\..\src\ImGUI\Image.cpp">
      <Filter>Archivos de recursos\Archivos de origen</Filter>
    </ClCompile>
    <ClCompile Include="..\..\src\ImGUI\ImGUIManager.cpp">
      <Filter>Archivos de recursos\Archivos de origen</Filter>
    </ClCompile>
    <ClCompile Include="..\..\src\ImGUI\Scene.cpp">
      <Filter>Archivos de recursos\Archivos de origen</Filter>
    </ClCompile>
    <ClCompile Include="..\..\src\ImGUI\Window.cpp">
      <Filter>Archivos de recursos\Archivos de origen</Filter>
    </ClCompile>
    <ClCompile Include="..\..\src\ImGUI\WindowComponent.cpp">
      <Filter>Archivos de recursos\Archivos de origen</Filter>
    </ClCompile>
    <ClCompile Include="..\..\src\ImGUI\MenuBar.cpp">
      <Filter>Archivos de recursos\Archivos de origen</Filter>
    </ClCompile>
  </ItemGroup>
</Project>